
Microsoft Visual Studio Solution File, Format Version 12.00
# Visual Studio 2012
Project("{FAE04EC0-301F-11D3-BF4B-00C04F79EFBC}") = "webService1", "webService1\webService1.csproj", "{15E40B52-AE7D-435A-80B0-EC004378C6AA}"
EndProject
Global
	GlobalSection(SolutionConfigurationPlatforms) = preSolution
		Debug|Any CPU = Debug|Any CPU
		Release|Any CPU = Release|Any CPU
	EndGlobalSection
	GlobalSection(ProjectConfigurationPlatforms) = postSolution
		{15E40B52-AE7D-435A-80B0-EC004378C6AA}.Debug|Any CPU.ActiveCfg = Debug|Any CPU
		{15E40B52-AE7D-435A-80B0-EC004378C6AA}.Debug|Any CPU.Build.0 = Debug|Any CPU
		{15E40B52-AE7D-435A-80B0-EC004378C6AA}.Release|Any CPU.ActiveCfg = Release|Any CPU
		{15E40B52-AE7D-435A-80B0-EC004378C6AA}.Release|Any CPU.Build.0 = Release|Any CPU
	EndGlobalSection
	GlobalSection(SolutionProperties) = preSolution
		HideSolutionNode = FALSE
	EndGlobalSection
EndGlobal
