
Microsoft Visual Studio Solution File, Format Version 12.00
# Visual Studio 2013
VisualStudioVersion = 12.0.30501.0
MinimumVisualStudioVersion = 10.0.40219.1
Project("{FAE04EC0-301F-11D3-BF4B-00C04F79EFBC}") = "conexionesDatos_SQL_AJAX", "conexionesDatos_SQL_AJAX\conexionesDatos_SQL_AJAX.csproj", "{19547B7A-6074-49EB-8768-8C4F04F35F86}"
EndProject
Global
	GlobalSection(SolutionConfigurationPlatforms) = preSolution
		Debug|Any CPU = Debug|Any CPU
		Release|Any CPU = Release|Any CPU
	EndGlobalSection
	GlobalSection(ProjectConfigurationPlatforms) = postSolution
		{19547B7A-6074-49EB-8768-8C4F04F35F86}.Debug|Any CPU.ActiveCfg = Debug|Any CPU
		{19547B7A-6074-49EB-8768-8C4F04F35F86}.Debug|Any CPU.Build.0 = Debug|Any CPU
		{19547B7A-6074-49EB-8768-8C4F04F35F86}.Release|Any CPU.ActiveCfg = Release|Any CPU
		{19547B7A-6074-49EB-8768-8C4F04F35F86}.Release|Any CPU.Build.0 = Release|Any CPU
	EndGlobalSection
	GlobalSection(SolutionProperties) = preSolution
		HideSolutionNode = FALSE
	EndGlobalSection
EndGlobal
