
Microsoft Visual Studio Solution File, Format Version 10.00
# Visual Studio 2008
Project("{FAE04EC0-301F-11D3-BF4B-00C04F79EFBC}") = "Service1Mono", "Service1Mono\Service1Mono.csproj", "{A7D9E76E-9D99-47BD-8FD2-9FC6104B2FF4}"
EndProject
Global
	GlobalSection(SolutionConfigurationPlatforms) = preSolution
		Debug|Any CPU = Debug|Any CPU
		Release|Any CPU = Release|Any CPU
	EndGlobalSection
	GlobalSection(ProjectConfigurationPlatforms) = postSolution
		{A7D9E76E-9D99-47BD-8FD2-9FC6104B2FF4}.Debug|Any CPU.ActiveCfg = Debug|Any CPU
		{A7D9E76E-9D99-47BD-8FD2-9FC6104B2FF4}.Debug|Any CPU.Build.0 = Debug|Any CPU
		{A7D9E76E-9D99-47BD-8FD2-9FC6104B2FF4}.Release|Any CPU.ActiveCfg = Release|Any CPU
		{A7D9E76E-9D99-47BD-8FD2-9FC6104B2FF4}.Release|Any CPU.Build.0 = Release|Any CPU
	EndGlobalSection
	GlobalSection(MonoDevelopProperties) = preSolution
		StartupItem = Service1Mono\Service1Mono.csproj
	EndGlobalSection
EndGlobal
