
Microsoft Visual Studio Solution File, Format Version 12.00
# Visual Studio 15
VisualStudioVersion = 15.0.27703.2018
MinimumVisualStudioVersion = 10.0.40219.1
Project("{FAE04EC0-301F-11D3-BF4B-00C04F79EFBC}") = "ciclos-arreglos", "ciclos-arreglos\ciclos-arreglos.csproj", "{C0772C19-2F0E-4DDA-819D-618AC5A64EF3}"
EndProject
Global
	GlobalSection(SolutionConfigurationPlatforms) = preSolution
		Debug|Any CPU = Debug|Any CPU
		Release|Any CPU = Release|Any CPU
	EndGlobalSection
	GlobalSection(ProjectConfigurationPlatforms) = postSolution
		{C0772C19-2F0E-4DDA-819D-618AC5A64EF3}.Debug|Any CPU.ActiveCfg = Debug|Any CPU
		{C0772C19-2F0E-4DDA-819D-618AC5A64EF3}.Debug|Any CPU.Build.0 = Debug|Any CPU
		{C0772C19-2F0E-4DDA-819D-618AC5A64EF3}.Release|Any CPU.ActiveCfg = Release|Any CPU
		{C0772C19-2F0E-4DDA-819D-618AC5A64EF3}.Release|Any CPU.Build.0 = Release|Any CPU
	EndGlobalSection
	GlobalSection(SolutionProperties) = preSolution
		HideSolutionNode = FALSE
	EndGlobalSection
	GlobalSection(ExtensibilityGlobals) = postSolution
		SolutionGuid = {6F9A87B8-36EF-4C9B-A2C1-6F80D907ED0B}
	EndGlobalSection
EndGlobal
