
Microsoft Visual Studio Solution File, Format Version 12.00
# Visual Studio 15
VisualStudioVersion = 15.0.26430.16
MinimumVisualStudioVersion = 10.0.40219.1
Project("{FAE04EC0-301F-11D3-BF4B-00C04F79EFBC}") = "Examen1", "Examen1\Examen1.csproj", "{20285E55-01EA-4561-A409-57F86351B87C}"
EndProject
Global
	GlobalSection(SolutionConfigurationPlatforms) = preSolution
		Debug|Any CPU = Debug|Any CPU
		Release|Any CPU = Release|Any CPU
	EndGlobalSection
	GlobalSection(ProjectConfigurationPlatforms) = postSolution
		{20285E55-01EA-4561-A409-57F86351B87C}.Debug|Any CPU.ActiveCfg = Debug|Any CPU
		{20285E55-01EA-4561-A409-57F86351B87C}.Debug|Any CPU.Build.0 = Debug|Any CPU
		{20285E55-01EA-4561-A409-57F86351B87C}.Release|Any CPU.ActiveCfg = Release|Any CPU
		{20285E55-01EA-4561-A409-57F86351B87C}.Release|Any CPU.Build.0 = Release|Any CPU
	EndGlobalSection
	GlobalSection(SolutionProperties) = preSolution
		HideSolutionNode = FALSE
	EndGlobalSection
EndGlobal
