
Microsoft Visual Studio Solution File, Format Version 12.00
# Visual Studio 2013
VisualStudioVersion = 12.0.21005.1
MinimumVisualStudioVersion = 10.0.40219.1
Project("{FAE04EC0-301F-11D3-BF4B-00C04F79EFBC}") = "mvcAprenMVA_1", "mvcAprenMVA_1\mvcAprenMVA_1.csproj", "{5B0C15B3-32AE-4023-9D95-DEB18FDD9BFB}"
EndProject
Project("{FAE04EC0-301F-11D3-BF4B-00C04F79EFBC}") = "mvcAprenMVA_1.Tests", "mvcAprenMVA_1.Tests\mvcAprenMVA_1.Tests.csproj", "{2B86658F-0DA0-4EE2-BAB3-B6D73EFAB920}"
EndProject
Global
	GlobalSection(SolutionConfigurationPlatforms) = preSolution
		Debug|Any CPU = Debug|Any CPU
		Release|Any CPU = Release|Any CPU
	EndGlobalSection
	GlobalSection(ProjectConfigurationPlatforms) = postSolution
		{5B0C15B3-32AE-4023-9D95-DEB18FDD9BFB}.Debug|Any CPU.ActiveCfg = Debug|Any CPU
		{5B0C15B3-32AE-4023-9D95-DEB18FDD9BFB}.Debug|Any CPU.Build.0 = Debug|Any CPU
		{5B0C15B3-32AE-4023-9D95-DEB18FDD9BFB}.Release|Any CPU.ActiveCfg = Release|Any CPU
		{5B0C15B3-32AE-4023-9D95-DEB18FDD9BFB}.Release|Any CPU.Build.0 = Release|Any CPU
		{2B86658F-0DA0-4EE2-BAB3-B6D73EFAB920}.Debug|Any CPU.ActiveCfg = Debug|Any CPU
		{2B86658F-0DA0-4EE2-BAB3-B6D73EFAB920}.Debug|Any CPU.Build.0 = Debug|Any CPU
		{2B86658F-0DA0-4EE2-BAB3-B6D73EFAB920}.Release|Any CPU.ActiveCfg = Release|Any CPU
		{2B86658F-0DA0-4EE2-BAB3-B6D73EFAB920}.Release|Any CPU.Build.0 = Release|Any CPU
	EndGlobalSection
	GlobalSection(SolutionProperties) = preSolution
		HideSolutionNode = FALSE
	EndGlobalSection
EndGlobal
