
Microsoft Visual Studio Solution File, Format Version 12.00
# Visual Studio 2012
Project("{E24C65DC-7377-472B-9ABA-BC803B73C61A}") = "clasesCSS", "http://localhost/clasesCSS", "{0B4F5D66-7CA9-45F1-9CCF-4E3F9B959EDD}"
	ProjectSection(WebsiteProperties) = preProject
		UseIISExpress = "false"
		TargetFrameworkMoniker = ".NETFramework,Version%3Dv4.5"
		Debug.AspNetCompiler.VirtualPath = "/clasesCSS"
		Debug.AspNetCompiler.PhysicalPath = "C:\inetpub\wwwroot\clasesCSS\"
		Debug.AspNetCompiler.TargetPath = "PrecompiledWeb\clasesCSS\"
		Debug.AspNetCompiler.Updateable = "true"
		Debug.AspNetCompiler.ForceOverwrite = "true"
		Debug.AspNetCompiler.FixedNames = "false"
		Debug.AspNetCompiler.Debug = "True"
		Release.AspNetCompiler.VirtualPath = "/clasesCSS"
		Release.AspNetCompiler.PhysicalPath = "C:\inetpub\wwwroot\clasesCSS\"
		Release.AspNetCompiler.TargetPath = "PrecompiledWeb\clasesCSS\"
		Release.AspNetCompiler.Updateable = "true"
		Release.AspNetCompiler.ForceOverwrite = "true"
		Release.AspNetCompiler.FixedNames = "false"
		Release.AspNetCompiler.Debug = "False"
		SlnRelativePath = "C:\inetpub\wwwroot\clasesCSS\"
	EndProjectSection
EndProject
Global
	GlobalSection(SolutionConfigurationPlatforms) = preSolution
		Debug|Any CPU = Debug|Any CPU
	EndGlobalSection
	GlobalSection(ProjectConfigurationPlatforms) = postSolution
		{0B4F5D66-7CA9-45F1-9CCF-4E3F9B959EDD}.Debug|Any CPU.ActiveCfg = Debug|Any CPU
		{0B4F5D66-7CA9-45F1-9CCF-4E3F9B959EDD}.Debug|Any CPU.Build.0 = Debug|Any CPU
	EndGlobalSection
	GlobalSection(SolutionProperties) = preSolution
		HideSolutionNode = FALSE
	EndGlobalSection
EndGlobal
