
Microsoft Visual Studio Solution File, Format Version 12.00
# Visual Studio 2013
VisualStudioVersion = 12.0.21005.1
MinimumVisualStudioVersion = 10.0.40219.1
Project("{FAE04EC0-301F-11D3-BF4B-00C04F79EFBC}") = "mvcAprendizaje2", "mvcAprendizaje2\mvcAprendizaje2.csproj", "{7C06BF0F-2CD4-485E-A77D-ED9636863CE3}"
EndProject
Project("{FAE04EC0-301F-11D3-BF4B-00C04F79EFBC}") = "mvcAprendizaje2.Tests", "mvcAprendizaje2.Tests\mvcAprendizaje2.Tests.csproj", "{108568E3-DB9B-41F3-9FFD-7D13D09B4685}"
EndProject
Global
	GlobalSection(SolutionConfigurationPlatforms) = preSolution
		Debug|Any CPU = Debug|Any CPU
		Release|Any CPU = Release|Any CPU
	EndGlobalSection
	GlobalSection(ProjectConfigurationPlatforms) = postSolution
		{7C06BF0F-2CD4-485E-A77D-ED9636863CE3}.Debug|Any CPU.ActiveCfg = Debug|Any CPU
		{7C06BF0F-2CD4-485E-A77D-ED9636863CE3}.Debug|Any CPU.Build.0 = Debug|Any CPU
		{7C06BF0F-2CD4-485E-A77D-ED9636863CE3}.Release|Any CPU.ActiveCfg = Release|Any CPU
		{7C06BF0F-2CD4-485E-A77D-ED9636863CE3}.Release|Any CPU.Build.0 = Release|Any CPU
		{108568E3-DB9B-41F3-9FFD-7D13D09B4685}.Debug|Any CPU.ActiveCfg = Debug|Any CPU
		{108568E3-DB9B-41F3-9FFD-7D13D09B4685}.Debug|Any CPU.Build.0 = Debug|Any CPU
		{108568E3-DB9B-41F3-9FFD-7D13D09B4685}.Release|Any CPU.ActiveCfg = Release|Any CPU
		{108568E3-DB9B-41F3-9FFD-7D13D09B4685}.Release|Any CPU.Build.0 = Release|Any CPU
	EndGlobalSection
	GlobalSection(SolutionProperties) = preSolution
		HideSolutionNode = FALSE
	EndGlobalSection
EndGlobal
