
Microsoft Visual Studio Solution File, Format Version 12.00
# Visual Studio 2013
VisualStudioVersion = 12.0.30501.0
MinimumVisualStudioVersion = 10.0.40219.1
Project("{FAE04EC0-301F-11D3-BF4B-00C04F79EFBC}") = "conexionesDatosSQL", "conexionesDatosSQL\conexionesDatosSQL.csproj", "{4DC7F06E-EAD7-4AE2-8C16-B6C6E1BDB04E}"
EndProject
Global
	GlobalSection(SolutionConfigurationPlatforms) = preSolution
		Debug|Any CPU = Debug|Any CPU
		Release|Any CPU = Release|Any CPU
	EndGlobalSection
	GlobalSection(ProjectConfigurationPlatforms) = postSolution
		{4DC7F06E-EAD7-4AE2-8C16-B6C6E1BDB04E}.Debug|Any CPU.ActiveCfg = Debug|Any CPU
		{4DC7F06E-EAD7-4AE2-8C16-B6C6E1BDB04E}.Debug|Any CPU.Build.0 = Debug|Any CPU
		{4DC7F06E-EAD7-4AE2-8C16-B6C6E1BDB04E}.Release|Any CPU.ActiveCfg = Release|Any CPU
		{4DC7F06E-EAD7-4AE2-8C16-B6C6E1BDB04E}.Release|Any CPU.Build.0 = Release|Any CPU
	EndGlobalSection
	GlobalSection(SolutionProperties) = preSolution
		HideSolutionNode = FALSE
	EndGlobalSection
EndGlobal
