
Microsoft Visual Studio Solution File, Format Version 12.00
# Visual Studio 2013
VisualStudioVersion = 12.0.21005.1
MinimumVisualStudioVersion = 10.0.40219.1
Project("{FAE04EC0-301F-11D3-BF4B-00C04F79EFBC}") = "mvcAprendizaje2", "mvcAprendizaje2\mvcAprendizaje2.csproj", "{00088070-6E36-4231-A373-0D76BC2315EE}"
EndProject
Project("{FAE04EC0-301F-11D3-BF4B-00C04F79EFBC}") = "mvcAprendizaje2.Tests", "mvcAprendizaje2.Tests\mvcAprendizaje2.Tests.csproj", "{E5EE3597-70C2-4827-ADA4-DD0B177E430F}"
EndProject
Global
	GlobalSection(SolutionConfigurationPlatforms) = preSolution
		Debug|Any CPU = Debug|Any CPU
		Release|Any CPU = Release|Any CPU
	EndGlobalSection
	GlobalSection(ProjectConfigurationPlatforms) = postSolution
		{00088070-6E36-4231-A373-0D76BC2315EE}.Debug|Any CPU.ActiveCfg = Debug|Any CPU
		{00088070-6E36-4231-A373-0D76BC2315EE}.Debug|Any CPU.Build.0 = Debug|Any CPU
		{00088070-6E36-4231-A373-0D76BC2315EE}.Release|Any CPU.ActiveCfg = Release|Any CPU
		{00088070-6E36-4231-A373-0D76BC2315EE}.Release|Any CPU.Build.0 = Release|Any CPU
		{E5EE3597-70C2-4827-ADA4-DD0B177E430F}.Debug|Any CPU.ActiveCfg = Debug|Any CPU
		{E5EE3597-70C2-4827-ADA4-DD0B177E430F}.Debug|Any CPU.Build.0 = Debug|Any CPU
		{E5EE3597-70C2-4827-ADA4-DD0B177E430F}.Release|Any CPU.ActiveCfg = Release|Any CPU
		{E5EE3597-70C2-4827-ADA4-DD0B177E430F}.Release|Any CPU.Build.0 = Release|Any CPU
	EndGlobalSection
	GlobalSection(SolutionProperties) = preSolution
		HideSolutionNode = FALSE
	EndGlobalSection
EndGlobal
