
Microsoft Visual Studio Solution File, Format Version 12.00
# Visual Studio 2013
VisualStudioVersion = 12.0.21005.1
MinimumVisualStudioVersion = 10.0.40219.1
Project("{FAE04EC0-301F-11D3-BF4B-00C04F79EFBC}") = "mvcAprendizajeMVA_1", "mvcAprendizajeMVA_1\mvcAprendizajeMVA_1.csproj", "{06602599-CDE7-4C68-BA57-5A1732137533}"
EndProject
Project("{FAE04EC0-301F-11D3-BF4B-00C04F79EFBC}") = "mvcAprendizajeMVA_1.Tests", "mvcAprendizajeMVA_1.Tests\mvcAprendizajeMVA_1.Tests.csproj", "{047FE745-B700-43E8-A267-788EE6FD7335}"
EndProject
Global
	GlobalSection(SolutionConfigurationPlatforms) = preSolution
		Debug|Any CPU = Debug|Any CPU
		Release|Any CPU = Release|Any CPU
	EndGlobalSection
	GlobalSection(ProjectConfigurationPlatforms) = postSolution
		{06602599-CDE7-4C68-BA57-5A1732137533}.Debug|Any CPU.ActiveCfg = Debug|Any CPU
		{06602599-CDE7-4C68-BA57-5A1732137533}.Debug|Any CPU.Build.0 = Debug|Any CPU
		{06602599-CDE7-4C68-BA57-5A1732137533}.Release|Any CPU.ActiveCfg = Release|Any CPU
		{06602599-CDE7-4C68-BA57-5A1732137533}.Release|Any CPU.Build.0 = Release|Any CPU
		{047FE745-B700-43E8-A267-788EE6FD7335}.Debug|Any CPU.ActiveCfg = Debug|Any CPU
		{047FE745-B700-43E8-A267-788EE6FD7335}.Debug|Any CPU.Build.0 = Debug|Any CPU
		{047FE745-B700-43E8-A267-788EE6FD7335}.Release|Any CPU.ActiveCfg = Release|Any CPU
		{047FE745-B700-43E8-A267-788EE6FD7335}.Release|Any CPU.Build.0 = Release|Any CPU
	EndGlobalSection
	GlobalSection(SolutionProperties) = preSolution
		HideSolutionNode = FALSE
	EndGlobalSection
EndGlobal
