
Microsoft Visual Studio Solution File, Format Version 12.00
# Visual Studio 2012
Project("{FAE04EC0-301F-11D3-BF4B-00C04F79EFBC}") = "masterPage1", "masterPage1\masterPage1.csproj", "{8043DF50-5995-4B91-96A4-87DB5B361D4B}"
EndProject
Global
	GlobalSection(SolutionConfigurationPlatforms) = preSolution
		Debug|Any CPU = Debug|Any CPU
		Release|Any CPU = Release|Any CPU
	EndGlobalSection
	GlobalSection(ProjectConfigurationPlatforms) = postSolution
		{8043DF50-5995-4B91-96A4-87DB5B361D4B}.Debug|Any CPU.ActiveCfg = Debug|Any CPU
		{8043DF50-5995-4B91-96A4-87DB5B361D4B}.Debug|Any CPU.Build.0 = Debug|Any CPU
		{8043DF50-5995-4B91-96A4-87DB5B361D4B}.Release|Any CPU.ActiveCfg = Release|Any CPU
		{8043DF50-5995-4B91-96A4-87DB5B361D4B}.Release|Any CPU.Build.0 = Release|Any CPU
	EndGlobalSection
	GlobalSection(SolutionProperties) = preSolution
		HideSolutionNode = FALSE
	EndGlobalSection
EndGlobal
